{
  "name": "tally",
  "version": "0.2.2",
  "lockfileVersion": 3,
  "requires": true,
  "packages": {
    "": {
      "name": "tally",
      "version": "0.2.2",
      "bundleDependencies": [
        "pi-ask-user"
      ],
      "license": "MIT",
      "dependencies": {
        "pi-ask-user": "0.14.0"
      }
    },
    "node_modules/pi-ask-user": {
      "version": "0.14.0",
      "resolved": "https://registry.npmjs.org/pi-ask-user/-/pi-ask-user-0.14.0.tgz",
      "integrity": "sha512-XKP01z1ly0v6r2ttC9dd3HWv2dmxGIxPRMBhPh2pv3vBWqQ1kZ65n98vW29uZTHvkwPHeTIkdQ06ZoWd5c4GlQ==",
      "inBundle": true,
      "license": "MIT",
      "peerDependencies": {
        "@earendil-works/pi-coding-agent": ">=0.74.0",
        "@earendil-works/pi-tui": ">=0.74.0",
        "@sinclair/typebox": "*"
      }
    }
  }
}
